
Microsoft Visual Studio Solution File, Format Version 12.00
# Visual Studio Version 17
VisualStudioVersion = 17.11.35312.102
MinimumVisualStudioVersion = 10.0.40219.1
Project("{FAE04EC0-301F-11D3-BF4B-00C04F79EFBC}") = "OATisolada", "OATisolada\OATisolada.csproj", "{DE2D36F9-9150-47C1-99C4-1C28A9127D29}"
EndProject
Global
	GlobalSection(SolutionConfigurationPlatforms) = preSolution
		Debug|Any CPU = Debug|Any CPU
		Release|Any CPU = Release|Any CPU
	EndGlobalSection
	GlobalSection(ProjectConfigurationPlatforms) = postSolution
		{DE2D36F9-9150-47C1-99C4-1C28A9127D29}.Debug|Any CPU.ActiveCfg = Debug|Any CPU
		{DE2D36F9-9150-47C1-99C4-1C28A9127D29}.Debug|Any CPU.Build.0 = Debug|Any CPU
		{DE2D36F9-9150-47C1-99C4-1C28A9127D29}.Release|Any CPU.ActiveCfg = Release|Any CPU
		{DE2D36F9-9150-47C1-99C4-1C28A9127D29}.Release|Any CPU.Build.0 = Release|Any CPU
	EndGlobalSection
	GlobalSection(SolutionProperties) = preSolution
		HideSolutionNode = FALSE
	EndGlobalSection
	GlobalSection(ExtensibilityGlobals) = postSolution
		SolutionGuid = {FC195745-7AB1-4DB3-9E02-01A217FE9243}
	EndGlobalSection
EndGlobal
